{
  "name": "react-fastify-starter",
  "lockfileVersion": 3,
  "requires": true,
  "packages": {
    "node_modules/@fastify/type-provider-typebox": {
      "version": "5.2.0",
      "resolved": "https://registry.npmjs.org/@fastify/type-provider-typebox/-/type-provider-typebox-5.2.0.tgz",
      "integrity": "sha512-RoUFTQNYlaVM/gXosFqlrUAD/JHC+OXLcj4DxNoMOag2GI7OydfCt+3vdT+6D2daJwhGAdkpxB0wLNqS7gf4CQ==",
      "funding": [
        {
          "type": "github",
          "url": "https://github.com/sponsors/fastify"
        },
        {
          "type": "opencollective",
          "url": "https://opencollective.com/fastify"
        }
      ],
      "license": "MIT",
      "peerDependencies": {
        "@sinclair/typebox": ">=0.26 <=0.34"
      }
    },
    "node_modules/@sinclair/typebox": {
      "version": "0.34.38",
      "resolved": "https://registry.npmjs.org/@sinclair/typebox/-/typebox-0.34.38.tgz",
      "integrity": "sha512-HpkxMmc2XmZKhvaKIZZThlHmx1L0I/V1hWK1NubtlFnr6ZqdiOpV72TKudZUNQjZNsyDBay72qFEhEvb+bcwcA==",
      "license": "MIT"
    }
  }
}
